
Microsoft Visual Studio Solution File, Format Version 12.00
# Visual Studio Version 16
VisualStudioVersion = 16.0.32002.261
MinimumVisualStudioVersion = 10.0.40219.1
Project("{FAE04EC0-301F-11D3-BF4B-00C04F79EFBC}") = "Array", "Array\Array.csproj", "{53676638-7C57-42F6-94AE-B871CE387A13}"
EndProject
Global
	GlobalSection(SolutionConfigurationPlatforms) = preSolution
		Debug|Any CPU = Debug|Any CPU
		Release|Any CPU = Release|Any CPU
	EndGlobalSection
	GlobalSection(ProjectConfigurationPlatforms) = postSolution
		{53676638-7C57-42F6-94AE-B871CE387A13}.Debug|Any CPU.ActiveCfg = Debug|Any CPU
		{53676638-7C57-42F6-94AE-B871CE387A13}.Debug|Any CPU.Build.0 = Debug|Any CPU
		{53676638-7C57-42F6-94AE-B871CE387A13}.Release|Any CPU.ActiveCfg = Release|Any CPU
		{53676638-7C57-42F6-94AE-B871CE387A13}.Release|Any CPU.Build.0 = Release|Any CPU
	EndGlobalSection
	GlobalSection(SolutionProperties) = preSolution
		HideSolutionNode = FALSE
	EndGlobalSection
	GlobalSection(ExtensibilityGlobals) = postSolution
		SolutionGuid = {5CE20BF2-2B61-4011-9E9F-48E1F3C0F523}
	EndGlobalSection
EndGlobal
