
Microsoft Visual Studio Solution File, Format Version 12.00
# Visual Studio Version 16
VisualStudioVersion = 16.0.32002.261
MinimumVisualStudioVersion = 10.0.40219.1
Project("{FAE04EC0-301F-11D3-BF4B-00C04F79EFBC}") = "TernaryOperator", "TernaryOperator\TernaryOperator.csproj", "{745B856C-B13E-4174-97C5-BEED6086CC89}"
EndProject
Global
	GlobalSection(SolutionConfigurationPlatforms) = preSolution
		Debug|Any CPU = Debug|Any CPU
		Release|Any CPU = Release|Any CPU
	EndGlobalSection
	GlobalSection(ProjectConfigurationPlatforms) = postSolution
		{745B856C-B13E-4174-97C5-BEED6086CC89}.Debug|Any CPU.ActiveCfg = Debug|Any CPU
		{745B856C-B13E-4174-97C5-BEED6086CC89}.Debug|Any CPU.Build.0 = Debug|Any CPU
		{745B856C-B13E-4174-97C5-BEED6086CC89}.Release|Any CPU.ActiveCfg = Release|Any CPU
		{745B856C-B13E-4174-97C5-BEED6086CC89}.Release|Any CPU.Build.0 = Release|Any CPU
	EndGlobalSection
	GlobalSection(SolutionProperties) = preSolution
		HideSolutionNode = FALSE
	EndGlobalSection
	GlobalSection(ExtensibilityGlobals) = postSolution
		SolutionGuid = {A4C13208-1763-4CB8-9632-B0B34A4AF7E7}
	EndGlobalSection
EndGlobal
