
Microsoft Visual Studio Solution File, Format Version 12.00
# Visual Studio Version 16
VisualStudioVersion = 16.0.32002.261
MinimumVisualStudioVersion = 10.0.40219.1
Project("{FAE04EC0-301F-11D3-BF4B-00C04F79EFBC}") = "Sortedlist", "Sortedlist\Sortedlist.csproj", "{EFCEF96C-1D51-40E0-B277-8F74630DD37D}"
EndProject
Global
	GlobalSection(SolutionConfigurationPlatforms) = preSolution
		Debug|Any CPU = Debug|Any CPU
		Release|Any CPU = Release|Any CPU
	EndGlobalSection
	GlobalSection(ProjectConfigurationPlatforms) = postSolution
		{EFCEF96C-1D51-40E0-B277-8F74630DD37D}.Debug|Any CPU.ActiveCfg = Debug|Any CPU
		{EFCEF96C-1D51-40E0-B277-8F74630DD37D}.Debug|Any CPU.Build.0 = Debug|Any CPU
		{EFCEF96C-1D51-40E0-B277-8F74630DD37D}.Release|Any CPU.ActiveCfg = Release|Any CPU
		{EFCEF96C-1D51-40E0-B277-8F74630DD37D}.Release|Any CPU.Build.0 = Release|Any CPU
	EndGlobalSection
	GlobalSection(SolutionProperties) = preSolution
		HideSolutionNode = FALSE
	EndGlobalSection
	GlobalSection(ExtensibilityGlobals) = postSolution
		SolutionGuid = {309153D1-D0CC-4AB0-9B2B-20CFF4F7EA8D}
	EndGlobalSection
EndGlobal
