
Microsoft Visual Studio Solution File, Format Version 12.00
# Visual Studio Version 16
VisualStudioVersion = 16.0.32002.261
MinimumVisualStudioVersion = 10.0.40219.1
Project("{FAE04EC0-301F-11D3-BF4B-00C04F79EFBC}") = "Variable", "Variable\Variable.csproj", "{80352674-2698-4365-A96D-DED19F523FD9}"
EndProject
Global
	GlobalSection(SolutionConfigurationPlatforms) = preSolution
		Debug|Any CPU = Debug|Any CPU
		Release|Any CPU = Release|Any CPU
	EndGlobalSection
	GlobalSection(ProjectConfigurationPlatforms) = postSolution
		{80352674-2698-4365-A96D-DED19F523FD9}.Debug|Any CPU.ActiveCfg = Debug|Any CPU
		{80352674-2698-4365-A96D-DED19F523FD9}.Debug|Any CPU.Build.0 = Debug|Any CPU
		{80352674-2698-4365-A96D-DED19F523FD9}.Release|Any CPU.ActiveCfg = Release|Any CPU
		{80352674-2698-4365-A96D-DED19F523FD9}.Release|Any CPU.Build.0 = Release|Any CPU
	EndGlobalSection
	GlobalSection(SolutionProperties) = preSolution
		HideSolutionNode = FALSE
	EndGlobalSection
	GlobalSection(ExtensibilityGlobals) = postSolution
		SolutionGuid = {6E21D86B-DCC4-476A-9BBC-65B2D198AE70}
	EndGlobalSection
EndGlobal
