
Microsoft Visual Studio Solution File, Format Version 12.00
# Visual Studio Version 16
VisualStudioVersion = 16.0.32002.261
MinimumVisualStudioVersion = 10.0.40219.1
Project("{FAE04EC0-301F-11D3-BF4B-00C04F79EFBC}") = "Keywords", "Keywords\Keywords.csproj", "{50A46458-6FCD-4C58-87FF-779159F469FC}"
EndProject
Global
	GlobalSection(SolutionConfigurationPlatforms) = preSolution
		Debug|Any CPU = Debug|Any CPU
		Release|Any CPU = Release|Any CPU
	EndGlobalSection
	GlobalSection(ProjectConfigurationPlatforms) = postSolution
		{50A46458-6FCD-4C58-87FF-779159F469FC}.Debug|Any CPU.ActiveCfg = Debug|Any CPU
		{50A46458-6FCD-4C58-87FF-779159F469FC}.Debug|Any CPU.Build.0 = Debug|Any CPU
		{50A46458-6FCD-4C58-87FF-779159F469FC}.Release|Any CPU.ActiveCfg = Release|Any CPU
		{50A46458-6FCD-4C58-87FF-779159F469FC}.Release|Any CPU.Build.0 = Release|Any CPU
	EndGlobalSection
	GlobalSection(SolutionProperties) = preSolution
		HideSolutionNode = FALSE
	EndGlobalSection
	GlobalSection(ExtensibilityGlobals) = postSolution
		SolutionGuid = {9D187E76-77B3-4E65-A789-A5FB8882FA7F}
	EndGlobalSection
EndGlobal
