
Microsoft Visual Studio Solution File, Format Version 12.00
# Visual Studio Version 16
VisualStudioVersion = 16.0.32002.261
MinimumVisualStudioVersion = 10.0.40219.1
Project("{FAE04EC0-301F-11D3-BF4B-00C04F79EFBC}") = "Implicitly_TypedVariable", "Implicitly_TypedVariable\Implicitly_TypedVariable.csproj", "{49EFF540-75F8-4075-BF50-E713CA9A18ED}"
EndProject
Global
	GlobalSection(SolutionConfigurationPlatforms) = preSolution
		Debug|Any CPU = Debug|Any CPU
		Release|Any CPU = Release|Any CPU
	EndGlobalSection
	GlobalSection(ProjectConfigurationPlatforms) = postSolution
		{49EFF540-75F8-4075-BF50-E713CA9A18ED}.Debug|Any CPU.ActiveCfg = Debug|Any CPU
		{49EFF540-75F8-4075-BF50-E713CA9A18ED}.Debug|Any CPU.Build.0 = Debug|Any CPU
		{49EFF540-75F8-4075-BF50-E713CA9A18ED}.Release|Any CPU.ActiveCfg = Release|Any CPU
		{49EFF540-75F8-4075-BF50-E713CA9A18ED}.Release|Any CPU.Build.0 = Release|Any CPU
	EndGlobalSection
	GlobalSection(SolutionProperties) = preSolution
		HideSolutionNode = FALSE
	EndGlobalSection
	GlobalSection(ExtensibilityGlobals) = postSolution
		SolutionGuid = {DFB8A871-7357-495D-BF97-FAB7DD05C533}
	EndGlobalSection
EndGlobal
