
Microsoft Visual Studio Solution File, Format Version 12.00
# Visual Studio Version 16
VisualStudioVersion = 16.0.32002.261
MinimumVisualStudioVersion = 10.0.40219.1
Project("{FAE04EC0-301F-11D3-BF4B-00C04F79EFBC}") = "Dictionary", "Dictionary\Dictionary.csproj", "{3BDDE995-5EFE-4546-BEA6-96F55BFB97BF}"
EndProject
Global
	GlobalSection(SolutionConfigurationPlatforms) = preSolution
		Debug|Any CPU = Debug|Any CPU
		Release|Any CPU = Release|Any CPU
	EndGlobalSection
	GlobalSection(ProjectConfigurationPlatforms) = postSolution
		{3BDDE995-5EFE-4546-BEA6-96F55BFB97BF}.Debug|Any CPU.ActiveCfg = Debug|Any CPU
		{3BDDE995-5EFE-4546-BEA6-96F55BFB97BF}.Debug|Any CPU.Build.0 = Debug|Any CPU
		{3BDDE995-5EFE-4546-BEA6-96F55BFB97BF}.Release|Any CPU.ActiveCfg = Release|Any CPU
		{3BDDE995-5EFE-4546-BEA6-96F55BFB97BF}.Release|Any CPU.Build.0 = Release|Any CPU
	EndGlobalSection
	GlobalSection(SolutionProperties) = preSolution
		HideSolutionNode = FALSE
	EndGlobalSection
	GlobalSection(ExtensibilityGlobals) = postSolution
		SolutionGuid = {8CF34BCB-1A6E-42CE-B9C2-A9F31534B854}
	EndGlobalSection
EndGlobal
