
Microsoft Visual Studio Solution File, Format Version 12.00
# Visual Studio Version 16
VisualStudioVersion = 16.0.32002.261
MinimumVisualStudioVersion = 10.0.40219.1
Project("{FAE04EC0-301F-11D3-BF4B-00C04F79EFBC}") = "MultidimensionalArrays", "MultidimensionalArrays\MultidimensionalArrays.csproj", "{860225A8-743F-4508-A884-65E3A7D529F0}"
EndProject
Global
	GlobalSection(SolutionConfigurationPlatforms) = preSolution
		Debug|Any CPU = Debug|Any CPU
		Release|Any CPU = Release|Any CPU
	EndGlobalSection
	GlobalSection(ProjectConfigurationPlatforms) = postSolution
		{860225A8-743F-4508-A884-65E3A7D529F0}.Debug|Any CPU.ActiveCfg = Debug|Any CPU
		{860225A8-743F-4508-A884-65E3A7D529F0}.Debug|Any CPU.Build.0 = Debug|Any CPU
		{860225A8-743F-4508-A884-65E3A7D529F0}.Release|Any CPU.ActiveCfg = Release|Any CPU
		{860225A8-743F-4508-A884-65E3A7D529F0}.Release|Any CPU.Build.0 = Release|Any CPU
	EndGlobalSection
	GlobalSection(SolutionProperties) = preSolution
		HideSolutionNode = FALSE
	EndGlobalSection
	GlobalSection(ExtensibilityGlobals) = postSolution
		SolutionGuid = {C45DFCB6-D5FF-4039-8382-9A971BFB779B}
	EndGlobalSection
EndGlobal
