
Microsoft Visual Studio Solution File, Format Version 12.00
# Visual Studio Version 16
VisualStudioVersion = 16.0.32002.261
MinimumVisualStudioVersion = 10.0.40219.1
Project("{FAE04EC0-301F-11D3-BF4B-00C04F79EFBC}") = "ForLoop", "ForLoop\ForLoop.csproj", "{72CAE114-AF30-4E57-A9E2-326FC79D04E7}"
EndProject
Global
	GlobalSection(SolutionConfigurationPlatforms) = preSolution
		Debug|Any CPU = Debug|Any CPU
		Release|Any CPU = Release|Any CPU
	EndGlobalSection
	GlobalSection(ProjectConfigurationPlatforms) = postSolution
		{72CAE114-AF30-4E57-A9E2-326FC79D04E7}.Debug|Any CPU.ActiveCfg = Debug|Any CPU
		{72CAE114-AF30-4E57-A9E2-326FC79D04E7}.Debug|Any CPU.Build.0 = Debug|Any CPU
		{72CAE114-AF30-4E57-A9E2-326FC79D04E7}.Release|Any CPU.ActiveCfg = Release|Any CPU
		{72CAE114-AF30-4E57-A9E2-326FC79D04E7}.Release|Any CPU.Build.0 = Release|Any CPU
	EndGlobalSection
	GlobalSection(SolutionProperties) = preSolution
		HideSolutionNode = FALSE
	EndGlobalSection
	GlobalSection(ExtensibilityGlobals) = postSolution
		SolutionGuid = {F46F53C9-BB3C-4499-8C89-42CC862DA93A}
	EndGlobalSection
EndGlobal
