
Microsoft Visual Studio Solution File, Format Version 12.00
# Visual Studio Version 16
VisualStudioVersion = 16.0.32002.261
MinimumVisualStudioVersion = 10.0.40219.1
Project("{FAE04EC0-301F-11D3-BF4B-00C04F79EFBC}") = "CreatingList", "CreatingList\CreatingList.csproj", "{1D6B6B94-7BC6-4D94-BB7C-F5CE1DAA97F7}"
EndProject
Global
	GlobalSection(SolutionConfigurationPlatforms) = preSolution
		Debug|Any CPU = Debug|Any CPU
		Release|Any CPU = Release|Any CPU
	EndGlobalSection
	GlobalSection(ProjectConfigurationPlatforms) = postSolution
		{1D6B6B94-7BC6-4D94-BB7C-F5CE1DAA97F7}.Debug|Any CPU.ActiveCfg = Debug|Any CPU
		{1D6B6B94-7BC6-4D94-BB7C-F5CE1DAA97F7}.Debug|Any CPU.Build.0 = Debug|Any CPU
		{1D6B6B94-7BC6-4D94-BB7C-F5CE1DAA97F7}.Release|Any CPU.ActiveCfg = Release|Any CPU
		{1D6B6B94-7BC6-4D94-BB7C-F5CE1DAA97F7}.Release|Any CPU.Build.0 = Release|Any CPU
	EndGlobalSection
	GlobalSection(SolutionProperties) = preSolution
		HideSolutionNode = FALSE
	EndGlobalSection
	GlobalSection(ExtensibilityGlobals) = postSolution
		SolutionGuid = {22D051FB-870C-4467-B2A7-05B10FA1337F}
	EndGlobalSection
EndGlobal
